
Microsoft Visual Studio Solution File, Format Version 12.00
# Visual Studio Version 17
VisualStudioVersion = 17.8.34322.80
MinimumVisualStudioVersion = 10.0.40219.1
Project("{FAE04EC0-301F-11D3-BF4B-00C04F79EFBC}") = "322Homework1", "322Homework1\322Homework1.csproj", "{C2513C59-A0AA-44C4-9910-233B083CC589}"
EndProject
Global
	GlobalSection(SolutionConfigurationPlatforms) = preSolution
		Debug|Any CPU = Debug|Any CPU
		Release|Any CPU = Release|Any CPU
	EndGlobalSection
	GlobalSection(ProjectConfigurationPlatforms) = postSolution
		{C2513C59-A0AA-44C4-9910-233B083CC589}.Debug|Any CPU.ActiveCfg = Debug|Any CPU
		{C2513C59-A0AA-44C4-9910-233B083CC589}.Debug|Any CPU.Build.0 = Debug|Any CPU
		{C2513C59-A0AA-44C4-9910-233B083CC589}.Release|Any CPU.ActiveCfg = Release|Any CPU
		{C2513C59-A0AA-44C4-9910-233B083CC589}.Release|Any CPU.Build.0 = Release|Any CPU
	EndGlobalSection
	GlobalSection(SolutionProperties) = preSolution
		HideSolutionNode = FALSE
	EndGlobalSection
	GlobalSection(ExtensibilityGlobals) = postSolution
		SolutionGuid = {359DB473-D176-4B05-88CC-DE72DC217748}
	EndGlobalSection
EndGlobal
